
Microsoft Visual Studio Solution File, Format Version 12.00
# Visual Studio Version 16
VisualStudioVersion = 16.0.30907.101
MinimumVisualStudioVersion = 10.0.40219.1
Project("{9A19103F-16F7-4668-BE54-9A1E7A4F7556}") = "DIS_Praneet", "DIS_Praneet.csproj", "{186C3DB1-69A5-4625-9F21-3661CE5FA283}"
EndProject
Global
	GlobalSection(SolutionConfigurationPlatforms) = preSolution
		Debug|Any CPU = Debug|Any CPU
		Release|Any CPU = Release|Any CPU
	EndGlobalSection
	GlobalSection(ProjectConfigurationPlatforms) = postSolution
		{186C3DB1-69A5-4625-9F21-3661CE5FA283}.Debug|Any CPU.ActiveCfg = Debug|Any CPU
		{186C3DB1-69A5-4625-9F21-3661CE5FA283}.Debug|Any CPU.Build.0 = Debug|Any CPU
		{186C3DB1-69A5-4625-9F21-3661CE5FA283}.Release|Any CPU.ActiveCfg = Release|Any CPU
		{186C3DB1-69A5-4625-9F21-3661CE5FA283}.Release|Any CPU.Build.0 = Release|Any CPU
	EndGlobalSection
	GlobalSection(SolutionProperties) = preSolution
		HideSolutionNode = FALSE
	EndGlobalSection
	GlobalSection(ExtensibilityGlobals) = postSolution
		SolutionGuid = {E85D1ED0-AC96-4FB0-A938-2F7D5DA4318C}
	EndGlobalSection
EndGlobal
